
Microsoft Visual Studio Solution File, Format Version 12.00
# Visual Studio 15
VisualStudioVersion = 15.0.27004.2006
MinimumVisualStudioVersion = 10.0.40219.1
Project("{888888A0-9F3D-457C-B088-3A5042F75D52}") = "NN Designer", "NN Designer\NN Designer.pyproj", "{8CA25C12-5678-4E81-9B94-1A19D9C96388}"
EndProject
Project("{888888A0-9F3D-457C-B088-3A5042F75D52}") = "NNFramework", "..\GenericNeuralNetwork\NNFramework.pyproj", "{A6EB35FE-3CC0-41D7-8361-607C69C71148}"
EndProject
Global
	GlobalSection(SolutionConfigurationPlatforms) = preSolution
		Debug|Any CPU = Debug|Any CPU
		Release|Any CPU = Release|Any CPU
	EndGlobalSection
	GlobalSection(ProjectConfigurationPlatforms) = postSolution
		{8CA25C12-5678-4E81-9B94-1A19D9C96388}.Debug|Any CPU.ActiveCfg = Debug|Any CPU
		{8CA25C12-5678-4E81-9B94-1A19D9C96388}.Debug|Any CPU.Build.0 = Debug|Any CPU
		{8CA25C12-5678-4E81-9B94-1A19D9C96388}.Release|Any CPU.ActiveCfg = Release|Any CPU
		{8CA25C12-5678-4E81-9B94-1A19D9C96388}.Release|Any CPU.Build.0 = Release|Any CPU
		{A6EB35FE-3CC0-41D7-8361-607C69C71148}.Debug|Any CPU.ActiveCfg = Debug|Any CPU
		{A6EB35FE-3CC0-41D7-8361-607C69C71148}.Release|Any CPU.ActiveCfg = Release|Any CPU
	EndGlobalSection
	GlobalSection(SolutionProperties) = preSolution
		HideSolutionNode = FALSE
	EndGlobalSection
	GlobalSection(ExtensibilityGlobals) = postSolution
		SolutionGuid = {F1BC42FC-44B0-4F7B-B241-74AD4300150B}
	EndGlobalSection
EndGlobal
